{
  "format_version": "1.1",
  "terraform_version": "1.2.2",
  "planned_values": {
    "root_module": {
      "resources": [
        {
          "address": "aws_s3_bucket.foo[0]",
          "mode": "managed",
          "type": "aws_s3_bucket",
          "name": "foo",
          "index": 0,
          "provider_name": "registry.terraform.io/hashicorp/aws",
          "schema_version": 0,
          "values": {
            "acl": "private",
            "bucket": "foo-test-0",
            "bucket_prefix": null,
            "cors_rule": [],
            "force_destroy": false,
            "grant": [],
            "lifecycle_rule": [],
            "logging": [],
            "object_lock_configuration": [],
            "policy": null,
            "replication_configuration": [],
            "server_side_encryption_configuration": [],
            "tags": null,
            "website": []
          },
          "sensitive_values": {
            "cors_rule": [],
            "grant": [],
            "lifecycle_rule": [],
            "logging": [],
            "object_lock_configuration": [],
            "replication_configuration": [],
            "server_side_encryption_configuration": [],
            "versioning": [],
            "website": []
          }
        },
        {
          "address": "aws_s3_bucket.foo[1]",
          "mode": "managed",
          "type": "aws_s3_bucket",
          "name": "foo",
          "index": 1,
          "provider_name": "registry.terraform.io/hashicorp/aws",
          "schema_version": 0,
          "values": {
            "acl": "private",
            "bucket": "foo-test-1",
            "bucket_prefix": null,
            "cors_rule": [],
            "force_destroy": false,
            "grant": [],
            "lifecycle_rule": [],
            "logging": [],
            "object_lock_configuration": [],
            "policy": null,
            "replication_configuration": [],
            "server_side_encryption_configuration": [],
            "tags": null,
            "website": []
          },
          "sensitive_values": {
            "cors_rule": [],
            "grant": [],
            "lifecycle_rule": [],
            "logging": [],
            "object_lock_configuration": [],
            "replication_configuration": [],
            "server_side_encryption_configuration": [],
            "versioning": [],
            "website": []
          }
        },
        {
          "address": "aws_s3_bucket.foo[2]",
          "mode": "managed",
          "type": "aws_s3_bucket",
          "name": "foo",
          "index": 2,
          "provider_name": "registry.terraform.io/hashicorp/aws",
          "schema_version": 0,
          "values": {
            "acl": "private",
            "bucket": "foo-test-2",
            "bucket_prefix": null,
            "cors_rule": [],
            "force_destroy": false,
            "grant": [],
            "lifecycle_rule": [],
            "logging": [],
            "object_lock_configuration": [],
            "policy": null,
            "replication_configuration": [],
            "server_side_encryption_configuration": [],
            "tags": null,
            "website": []
          },
          "sensitive_values": {
            "cors_rule": [],
            "grant": [],
            "lifecycle_rule": [],
            "logging": [],
            "object_lock_configuration": [],
            "replication_configuration": [],
            "server_side_encryption_configuration": [],
            "versioning": [],
            "website": []
          }
        },
        {
          "address": "aws_s3_bucket.foo[3]",
          "mode": "managed",
          "type": "aws_s3_bucket",
          "name": "foo",
          "index": 3,
          "provider_name": "registry.terraform.io/hashicorp/aws",
          "schema_version": 0,
          "values": {
            "acl": "private",
            "bucket": "foo-test-3",
            "bucket_prefix": null,
            "cors_rule": [],
            "force_destroy": false,
            "grant": [],
            "lifecycle_rule": [],
            "logging": [],
            "object_lock_configuration": [],
            "policy": null,
            "replication_configuration": [],
            "server_side_encryption_configuration": [],
            "tags": null,
            "website": []
          },
          "sensitive_values": {
            "cors_rule": [],
            "grant": [],
            "lifecycle_rule": [],
            "logging": [],
            "object_lock_configuration": [],
            "replication_configuration": [],
            "server_side_encryption_configuration": [],
            "versioning": [],
            "website": []
          }
        }
      ]
    }
  },
  "resource_changes": [
    {
      "address": "aws_s3_bucket.foo[0]",
      "mode": "managed",
      "type": "aws_s3_bucket",
      "name": "foo",
      "index": 0,
      "provider_name": "registry.terraform.io/hashicorp/aws",
      "change": {
        "actions": [
          "create"
        ],
        "before": null,
        "after": {
          "acl": "private",
          "bucket": "foo-test-0",
          "bucket_prefix": null,
          "cors_rule": [],
          "force_destroy": false,
          "grant": [],
          "lifecycle_rule": [],
          "logging": [],
          "object_lock_configuration": [],
          "policy": null,
          "replication_configuration": [],
          "server_side_encryption_configuration": [],
          "tags": null,
          "website": []
        },
        "after_unknown": {
          "acceleration_status": true,
          "arn": true,
          "bucket_domain_name": true,
          "bucket_regional_domain_name": true,
          "cors_rule": [],
          "grant": [],
          "hosted_zone_id": true,
          "id": true,
          "lifecycle_rule": [],
          "logging": [],
          "object_lock_configuration": [],
          "region": true,
          "replication_configuration": [],
          "request_payer": true,
          "server_side_encryption_configuration": [],
          "versioning": true,
          "website": [],
          "website_domain": true,
          "website_endpoint": true
        },
        "before_sensitive": false,
        "after_sensitive": {
          "cors_rule": [],
          "grant": [],
          "lifecycle_rule": [],
          "logging": [],
          "object_lock_configuration": [],
          "replication_configuration": [],
          "server_side_encryption_configuration": [],
          "versioning": [],
          "website": []
        }
      }
    },
    {
      "address": "aws_s3_bucket.foo[1]",
      "mode": "managed",
      "type": "aws_s3_bucket",
      "name": "foo",
      "index": 1,
      "provider_name": "registry.terraform.io/hashicorp/aws",
      "change": {
        "actions": [
          "create"
        ],
        "before": null,
        "after": {
          "acl": "private",
          "bucket": "foo-test-1",
          "bucket_prefix": null,
          "cors_rule": [],
          "force_destroy": false,
          "grant": [],
          "lifecycle_rule": [],
          "logging": [],
          "object_lock_configuration": [],
          "policy": null,
          "replication_configuration": [],
          "server_side_encryption_configuration": [],
          "tags": null,
          "website": []
        },
        "after_unknown": {
          "acceleration_status": true,
          "arn": true,
          "bucket_domain_name": true,
          "bucket_regional_domain_name": true,
          "cors_rule": [],
          "grant": [],
          "hosted_zone_id": true,
          "id": true,
          "lifecycle_rule": [],
          "logging": [],
          "object_lock_configuration": [],
          "region": true,
          "replication_configuration": [],
          "request_payer": true,
          "server_side_encryption_configuration": [],
          "versioning": true,
          "website": [],
          "website_domain": true,
          "website_endpoint": true
        },
        "before_sensitive": false,
        "after_sensitive": {
          "cors_rule": [],
          "grant": [],
          "lifecycle_rule": [],
          "logging": [],
          "object_lock_configuration": [],
          "replication_configuration": [],
          "server_side_encryption_configuration": [],
          "versioning": [],
          "website": []
        }
      }
    },
    {
      "address": "aws_s3_bucket.foo[2]",
      "mode": "managed",
      "type": "aws_s3_bucket",
      "name": "foo",
      "index": 2,
      "provider_name": "registry.terraform.io/hashicorp/aws",
      "change": {
        "actions": [
          "create"
        ],
        "before": null,
        "after": {
          "acl": "private",
          "bucket": "foo-test-2",
          "bucket_prefix": null,
          "cors_rule": [],
          "force_destroy": false,
          "grant": [],
          "lifecycle_rule": [],
          "logging": [],
          "object_lock_configuration": [],
          "policy": null,
          "replication_configuration": [],
          "server_side_encryption_configuration": [],
          "tags": null,
          "website": []
        },
        "after_unknown": {
          "acceleration_status": true,
          "arn": true,
          "bucket_domain_name": true,
          "bucket_regional_domain_name": true,
          "cors_rule": [],
          "grant": [],
          "hosted_zone_id": true,
          "id": true,
          "lifecycle_rule": [],
          "logging": [],
          "object_lock_configuration": [],
          "region": true,
          "replication_configuration": [],
          "request_payer": true,
          "server_side_encryption_configuration": [],
          "versioning": true,
          "website": [],
          "website_domain": true,
          "website_endpoint": true
        },
        "before_sensitive": false,
        "after_sensitive": {
          "cors_rule": [],
          "grant": [],
          "lifecycle_rule": [],
          "logging": [],
          "object_lock_configuration": [],
          "replication_configuration": [],
          "server_side_encryption_configuration": [],
          "versioning": [],
          "website": []
        }
      }
    },
    {
      "address": "aws_s3_bucket.foo[3]",
      "mode": "managed",
      "type": "aws_s3_bucket",
      "name": "foo",
      "index": 3,
      "provider_name": "registry.terraform.io/hashicorp/aws",
      "change": {
        "actions": [
          "create"
        ],
        "before": null,
        "after": {
          "acl": "private",
          "bucket": "foo-test-3",
          "bucket_prefix": null,
          "cors_rule": [],
          "force_destroy": false,
          "grant": [],
          "lifecycle_rule": [],
          "logging": [],
          "object_lock_configuration": [],
          "policy": null,
          "replication_configuration": [],
          "server_side_encryption_configuration": [],
          "tags": null,
          "website": []
        },
        "after_unknown": {
          "acceleration_status": true,
          "arn": true,
          "bucket_domain_name": true,
          "bucket_regional_domain_name": true,
          "cors_rule": [],
          "grant": [],
          "hosted_zone_id": true,
          "id": true,
          "lifecycle_rule": [],
          "logging": [],
          "object_lock_configuration": [],
          "region": true,
          "replication_configuration": [],
          "request_payer": true,
          "server_side_encryption_configuration": [],
          "versioning": true,
          "website": [],
          "website_domain": true,
          "website_endpoint": true
        },
        "before_sensitive": false,
        "after_sensitive": {
          "cors_rule": [],
          "grant": [],
          "lifecycle_rule": [],
          "logging": [],
          "object_lock_configuration": [],
          "replication_configuration": [],
          "server_side_encryption_configuration": [],
          "versioning": [],
          "website": []
        }
      }
    }
  ],
  "configuration": {
    "provider_config": {
      "aws": {
        "name": "aws",
        "full_name": "registry.terraform.io/hashicorp/aws",
        "expressions": {
          "region": {
            "constant_value": "us-east-1"
          }
        }
      }
    },
    "root_module": {
      "resources": [
        {
          "address": "aws_s3_bucket.foo",
          "mode": "managed",
          "type": "aws_s3_bucket",
          "name": "foo",
          "provider_config_key": "aws",
          "expressions": {
            "bucket": {
              "references": [
                "count.index"
              ]
            }
          },
          "schema_version": 0,
          "count_expression": {
            "constant_value": 4
          }
        }
      ]
    }
  }
}
