{
  "format_version": "1.1",
  "terraform_version": "1.2.2",
  "planned_values": {
    "root_module": {
      "resources": [
        {
          "address": "aws_s3_bucket.create_bucket",
          "mode": "managed",
          "type": "aws_s3_bucket",
          "name": "create_bucket",
          "provider_name": "registry.terraform.io/hashicorp/aws",
          "schema_version": 0,
          "values": {
            "acl": "private",
            "bucket_prefix": "create",
            "force_destroy": false,
            "tags": null,
            "timeouts": null
          },
          "sensitive_values": {
            "cors_rule": [],
            "grant": [],
            "lifecycle_rule": [],
            "logging": [],
            "object_lock_configuration": [],
            "replication_configuration": [],
            "server_side_encryption_configuration": [],
            "tags_all": {},
            "versioning": [],
            "website": []
          }
        },
        {
          "address": "aws_s3_bucket.noop_bucket",
          "mode": "managed",
          "type": "aws_s3_bucket",
          "name": "noop_bucket",
          "provider_name": "registry.terraform.io/hashicorp/aws",
          "schema_version": 0,
          "values": {
            "acceleration_status": "",
            "acl": "private",
            "arn": "arn:aws:s3:::noop20220817102021848200000001",
            "bucket": "noop20220817102021848200000001",
            "bucket_domain_name": "noop20220817102021848200000001.s3.amazonaws.com",
            "bucket_prefix": "noop",
            "bucket_regional_domain_name": "noop20220817102021848200000001.s3.amazonaws.com",
            "cors_rule": [],
            "force_destroy": false,
            "grant": [
              {
                "id": "d5c48f20001a6ee7be6d75e69fe2da57d4c273b03ac318bd3d5526018c47ecb5",
                "permissions": [
                  "FULL_CONTROL"
                ],
                "type": "CanonicalUser",
                "uri": ""
              }
            ],
            "hosted_zone_id": "Z3AQBSTGFYJSTF",
            "id": "noop20220817102021848200000001",
            "lifecycle_rule": [],
            "logging": [],
            "object_lock_configuration": [],
            "object_lock_enabled": false,
            "policy": "",
            "region": "us-east-1",
            "replication_configuration": [],
            "request_payer": "BucketOwner",
            "server_side_encryption_configuration": [],
            "tags": {},
            "tags_all": {},
            "timeouts": null,
            "versioning": [
              {
                "enabled": false,
                "mfa_delete": false
              }
            ],
            "website": [],
            "website_domain": null,
            "website_endpoint": null
          },
          "sensitive_values": {
            "cors_rule": [],
            "grant": [
              {
                "permissions": [
                  false
                ]
              }
            ],
            "lifecycle_rule": [],
            "logging": [],
            "object_lock_configuration": [],
            "replication_configuration": [],
            "server_side_encryption_configuration": [],
            "tags": {},
            "tags_all": {},
            "versioning": [
              {}
            ],
            "website": []
          }
        },
        {
          "address": "aws_s3_bucket.update_bucket",
          "mode": "managed",
          "type": "aws_s3_bucket",
          "name": "update_bucket",
          "provider_name": "registry.terraform.io/hashicorp/aws",
          "schema_version": 0,
          "values": {
            "acceleration_status": "",
            "acl": "public-read",
            "arn": "arn:aws:s3:::update20220817101803364800000001",
            "bucket": "update20220817101803364800000001",
            "bucket_domain_name": "update20220817101803364800000001.s3.amazonaws.com",
            "bucket_prefix": "update",
            "bucket_regional_domain_name": "update20220817101803364800000001.s3.amazonaws.com",
            "cors_rule": [],
            "force_destroy": false,
            "grant": [
              {
                "id": "d5c48f20001a6ee7be6d75e69fe2da57d4c273b03ac318bd3d5526018c47ecb5",
                "permissions": [
                  "FULL_CONTROL"
                ],
                "type": "CanonicalUser",
                "uri": ""
              }
            ],
            "hosted_zone_id": "Z3AQBSTGFYJSTF",
            "id": "update20220817101803364800000001",
            "lifecycle_rule": [],
            "logging": [],
            "object_lock_configuration": [],
            "object_lock_enabled": false,
            "policy": "",
            "region": "us-east-1",
            "replication_configuration": [],
            "request_payer": "BucketOwner",
            "server_side_encryption_configuration": [],
            "tags": {},
            "tags_all": {},
            "timeouts": null,
            "versioning": [
              {
                "enabled": false,
                "mfa_delete": false
              }
            ],
            "website": [],
            "website_domain": null,
            "website_endpoint": null
          },
          "sensitive_values": {
            "cors_rule": [],
            "grant": [
              {
                "permissions": [
                  false
                ]
              }
            ],
            "lifecycle_rule": [],
            "logging": [],
            "object_lock_configuration": [],
            "replication_configuration": [],
            "server_side_encryption_configuration": [],
            "tags": {},
            "tags_all": {},
            "versioning": [
              {}
            ],
            "website": []
          }
        }
      ]
    }
  },
  "resource_drift": [
    {
      "address": "aws_s3_bucket.noop_bucket",
      "mode": "managed",
      "type": "aws_s3_bucket",
      "name": "noop_bucket",
      "provider_name": "registry.terraform.io/hashicorp/aws",
      "change": {
        "actions": [
          "update"
        ],
        "before": {
          "acceleration_status": "",
          "acl": "private",
          "arn": "arn:aws:s3:::noop20220817102021848200000001",
          "bucket": "noop20220817102021848200000001",
          "bucket_domain_name": "noop20220817102021848200000001.s3.amazonaws.com",
          "bucket_prefix": "noop",
          "bucket_regional_domain_name": "noop20220817102021848200000001.s3.amazonaws.com",
          "cors_rule": [],
          "force_destroy": false,
          "grant": [
            {
              "id": "d5c48f20001a6ee7be6d75e69fe2da57d4c273b03ac318bd3d5526018c47ecb5",
              "permissions": [
                "FULL_CONTROL"
              ],
              "type": "CanonicalUser",
              "uri": ""
            }
          ],
          "hosted_zone_id": "Z3AQBSTGFYJSTF",
          "id": "noop20220817102021848200000001",
          "lifecycle_rule": [],
          "logging": [],
          "object_lock_configuration": [],
          "object_lock_enabled": false,
          "policy": "",
          "region": "us-east-1",
          "replication_configuration": [],
          "request_payer": "BucketOwner",
          "server_side_encryption_configuration": [],
          "tags": null,
          "tags_all": {},
          "timeouts": null,
          "versioning": [
            {
              "enabled": false,
              "mfa_delete": false
            }
          ],
          "website": [],
          "website_domain": null,
          "website_endpoint": null
        },
        "after": {
          "acceleration_status": "",
          "acl": "private",
          "arn": "arn:aws:s3:::noop20220817102021848200000001",
          "bucket": "noop20220817102021848200000001",
          "bucket_domain_name": "noop20220817102021848200000001.s3.amazonaws.com",
          "bucket_prefix": "noop",
          "bucket_regional_domain_name": "noop20220817102021848200000001.s3.amazonaws.com",
          "cors_rule": [],
          "force_destroy": false,
          "grant": [
            {
              "id": "d5c48f20001a6ee7be6d75e69fe2da57d4c273b03ac318bd3d5526018c47ecb5",
              "permissions": [
                "FULL_CONTROL"
              ],
              "type": "CanonicalUser",
              "uri": ""
            }
          ],
          "hosted_zone_id": "Z3AQBSTGFYJSTF",
          "id": "noop20220817102021848200000001",
          "lifecycle_rule": [],
          "logging": [],
          "object_lock_configuration": [],
          "object_lock_enabled": false,
          "policy": "",
          "region": "us-east-1",
          "replication_configuration": [],
          "request_payer": "BucketOwner",
          "server_side_encryption_configuration": [],
          "tags": {},
          "tags_all": {},
          "timeouts": null,
          "versioning": [
            {
              "enabled": false,
              "mfa_delete": false
            }
          ],
          "website": [],
          "website_domain": null,
          "website_endpoint": null
        },
        "after_unknown": {},
        "before_sensitive": {
          "cors_rule": [],
          "grant": [
            {
              "permissions": [
                false
              ]
            }
          ],
          "lifecycle_rule": [],
          "logging": [],
          "object_lock_configuration": [],
          "replication_configuration": [],
          "server_side_encryption_configuration": [],
          "tags_all": {},
          "versioning": [
            {}
          ],
          "website": []
        },
        "after_sensitive": {
          "cors_rule": [],
          "grant": [
            {
              "permissions": [
                false
              ]
            }
          ],
          "lifecycle_rule": [],
          "logging": [],
          "object_lock_configuration": [],
          "replication_configuration": [],
          "server_side_encryption_configuration": [],
          "tags": {},
          "tags_all": {},
          "versioning": [
            {}
          ],
          "website": []
        }
      }
    }
  ],
  "resource_changes": [
    {
      "address": "aws_s3_bucket.create_bucket",
      "mode": "managed",
      "type": "aws_s3_bucket",
      "name": "create_bucket",
      "provider_name": "registry.terraform.io/hashicorp/aws",
      "change": {
        "actions": [
          "create"
        ],
        "before": null,
        "after": {
          "acl": "private",
          "bucket_prefix": "create",
          "force_destroy": false,
          "tags": null,
          "timeouts": null
        },
        "after_unknown": {
          "acceleration_status": true,
          "arn": true,
          "bucket": true,
          "bucket_domain_name": true,
          "bucket_regional_domain_name": true,
          "cors_rule": true,
          "grant": true,
          "hosted_zone_id": true,
          "id": true,
          "lifecycle_rule": true,
          "logging": true,
          "object_lock_configuration": true,
          "object_lock_enabled": true,
          "policy": true,
          "region": true,
          "replication_configuration": true,
          "request_payer": true,
          "server_side_encryption_configuration": true,
          "tags_all": true,
          "versioning": true,
          "website": true,
          "website_domain": true,
          "website_endpoint": true
        },
        "before_sensitive": false,
        "after_sensitive": {
          "cors_rule": [],
          "grant": [],
          "lifecycle_rule": [],
          "logging": [],
          "object_lock_configuration": [],
          "replication_configuration": [],
          "server_side_encryption_configuration": [],
          "tags_all": {},
          "versioning": [],
          "website": []
        }
      }
    },
    {
      "address": "aws_s3_bucket.delete_bucket",
      "mode": "managed",
      "type": "aws_s3_bucket",
      "name": "delete_bucket",
      "provider_name": "registry.terraform.io/hashicorp/aws",
      "change": {
        "actions": [
          "delete"
        ],
        "before": {
          "acceleration_status": "",
          "acl": "private",
          "arn": "arn:aws:s3:::delete20220817101803364800000002",
          "bucket": "delete20220817101803364800000002",
          "bucket_domain_name": "delete20220817101803364800000002.s3.amazonaws.com",
          "bucket_prefix": "delete",
          "bucket_regional_domain_name": "delete20220817101803364800000002.s3.amazonaws.com",
          "cors_rule": [],
          "force_destroy": false,
          "grant": [
            {
              "id": "d5c48f20001a6ee7be6d75e69fe2da57d4c273b03ac318bd3d5526018c47ecb5",
              "permissions": [
                "FULL_CONTROL"
              ],
              "type": "CanonicalUser",
              "uri": ""
            }
          ],
          "hosted_zone_id": "Z3AQBSTGFYJSTF",
          "id": "delete20220817101803364800000002",
          "lifecycle_rule": [],
          "logging": [],
          "object_lock_configuration": [],
          "object_lock_enabled": false,
          "policy": "",
          "region": "us-east-1",
          "replication_configuration": [],
          "request_payer": "BucketOwner",
          "server_side_encryption_configuration": [],
          "tags": {},
          "tags_all": {},
          "timeouts": null,
          "versioning": [
            {
              "enabled": false,
              "mfa_delete": false
            }
          ],
          "website": [],
          "website_domain": null,
          "website_endpoint": null
        },
        "after": null,
        "after_unknown": {},
        "before_sensitive": {
          "cors_rule": [],
          "grant": [
            {
              "permissions": [
                false
              ]
            }
          ],
          "lifecycle_rule": [],
          "logging": [],
          "object_lock_configuration": [],
          "replication_configuration": [],
          "server_side_encryption_configuration": [],
          "tags": {},
          "tags_all": {},
          "versioning": [
            {}
          ],
          "website": []
        },
        "after_sensitive": false
      },
      "action_reason": "delete_because_no_resource_config"
    },
    {
      "address": "aws_s3_bucket.noop_bucket",
      "mode": "managed",
      "type": "aws_s3_bucket",
      "name": "noop_bucket",
      "provider_name": "registry.terraform.io/hashicorp/aws",
      "change": {
        "actions": [
          "no-op"
        ],
        "before": {
          "acceleration_status": "",
          "acl": "private",
          "arn": "arn:aws:s3:::noop20220817102021848200000001",
          "bucket": "noop20220817102021848200000001",
          "bucket_domain_name": "noop20220817102021848200000001.s3.amazonaws.com",
          "bucket_prefix": "noop",
          "bucket_regional_domain_name": "noop20220817102021848200000001.s3.amazonaws.com",
          "cors_rule": [],
          "force_destroy": false,
          "grant": [
            {
              "id": "d5c48f20001a6ee7be6d75e69fe2da57d4c273b03ac318bd3d5526018c47ecb5",
              "permissions": [
                "FULL_CONTROL"
              ],
              "type": "CanonicalUser",
              "uri": ""
            }
          ],
          "hosted_zone_id": "Z3AQBSTGFYJSTF",
          "id": "noop20220817102021848200000001",
          "lifecycle_rule": [],
          "logging": [],
          "object_lock_configuration": [],
          "object_lock_enabled": false,
          "policy": "",
          "region": "us-east-1",
          "replication_configuration": [],
          "request_payer": "BucketOwner",
          "server_side_encryption_configuration": [],
          "tags": {},
          "tags_all": {},
          "timeouts": null,
          "versioning": [
            {
              "enabled": false,
              "mfa_delete": false
            }
          ],
          "website": [],
          "website_domain": null,
          "website_endpoint": null
        },
        "after": {
          "acceleration_status": "",
          "acl": "private",
          "arn": "arn:aws:s3:::noop20220817102021848200000001",
          "bucket": "noop20220817102021848200000001",
          "bucket_domain_name": "noop20220817102021848200000001.s3.amazonaws.com",
          "bucket_prefix": "noop",
          "bucket_regional_domain_name": "noop20220817102021848200000001.s3.amazonaws.com",
          "cors_rule": [],
          "force_destroy": false,
          "grant": [
            {
              "id": "d5c48f20001a6ee7be6d75e69fe2da57d4c273b03ac318bd3d5526018c47ecb5",
              "permissions": [
                "FULL_CONTROL"
              ],
              "type": "CanonicalUser",
              "uri": ""
            }
          ],
          "hosted_zone_id": "Z3AQBSTGFYJSTF",
          "id": "noop20220817102021848200000001",
          "lifecycle_rule": [],
          "logging": [],
          "object_lock_configuration": [],
          "object_lock_enabled": false,
          "policy": "",
          "region": "us-east-1",
          "replication_configuration": [],
          "request_payer": "BucketOwner",
          "server_side_encryption_configuration": [],
          "tags": {},
          "tags_all": {},
          "timeouts": null,
          "versioning": [
            {
              "enabled": false,
              "mfa_delete": false
            }
          ],
          "website": [],
          "website_domain": null,
          "website_endpoint": null
        },
        "after_unknown": {},
        "before_sensitive": {
          "cors_rule": [],
          "grant": [
            {
              "permissions": [
                false
              ]
            }
          ],
          "lifecycle_rule": [],
          "logging": [],
          "object_lock_configuration": [],
          "replication_configuration": [],
          "server_side_encryption_configuration": [],
          "tags": {},
          "tags_all": {},
          "versioning": [
            {}
          ],
          "website": []
        },
        "after_sensitive": {
          "cors_rule": [],
          "grant": [
            {
              "permissions": [
                false
              ]
            }
          ],
          "lifecycle_rule": [],
          "logging": [],
          "object_lock_configuration": [],
          "replication_configuration": [],
          "server_side_encryption_configuration": [],
          "tags": {},
          "tags_all": {},
          "versioning": [
            {}
          ],
          "website": []
        }
      }
    },
    {
      "address": "aws_s3_bucket.update_bucket",
      "mode": "managed",
      "type": "aws_s3_bucket",
      "name": "update_bucket",
      "provider_name": "registry.terraform.io/hashicorp/aws",
      "change": {
        "actions": [
          "update"
        ],
        "before": {
          "acceleration_status": "",
          "acl": "private",
          "arn": "arn:aws:s3:::update20220817101803364800000001",
          "bucket": "update20220817101803364800000001",
          "bucket_domain_name": "update20220817101803364800000001.s3.amazonaws.com",
          "bucket_prefix": "update",
          "bucket_regional_domain_name": "update20220817101803364800000001.s3.amazonaws.com",
          "cors_rule": [],
          "force_destroy": false,
          "grant": [
            {
              "id": "d5c48f20001a6ee7be6d75e69fe2da57d4c273b03ac318bd3d5526018c47ecb5",
              "permissions": [
                "FULL_CONTROL"
              ],
              "type": "CanonicalUser",
              "uri": ""
            }
          ],
          "hosted_zone_id": "Z3AQBSTGFYJSTF",
          "id": "update20220817101803364800000001",
          "lifecycle_rule": [],
          "logging": [],
          "object_lock_configuration": [],
          "object_lock_enabled": false,
          "policy": "",
          "region": "us-east-1",
          "replication_configuration": [],
          "request_payer": "BucketOwner",
          "server_side_encryption_configuration": [],
          "tags": {},
          "tags_all": {},
          "timeouts": null,
          "versioning": [
            {
              "enabled": false,
              "mfa_delete": false
            }
          ],
          "website": [],
          "website_domain": null,
          "website_endpoint": null
        },
        "after": {
          "acceleration_status": "",
          "acl": "public-read",
          "arn": "arn:aws:s3:::update20220817101803364800000001",
          "bucket": "update20220817101803364800000001",
          "bucket_domain_name": "update20220817101803364800000001.s3.amazonaws.com",
          "bucket_prefix": "update",
          "bucket_regional_domain_name": "update20220817101803364800000001.s3.amazonaws.com",
          "cors_rule": [],
          "force_destroy": false,
          "grant": [
            {
              "id": "d5c48f20001a6ee7be6d75e69fe2da57d4c273b03ac318bd3d5526018c47ecb5",
              "permissions": [
                "FULL_CONTROL"
              ],
              "type": "CanonicalUser",
              "uri": ""
            }
          ],
          "hosted_zone_id": "Z3AQBSTGFYJSTF",
          "id": "update20220817101803364800000001",
          "lifecycle_rule": [],
          "logging": [],
          "object_lock_configuration": [],
          "object_lock_enabled": false,
          "policy": "",
          "region": "us-east-1",
          "replication_configuration": [],
          "request_payer": "BucketOwner",
          "server_side_encryption_configuration": [],
          "tags": {},
          "tags_all": {},
          "timeouts": null,
          "versioning": [
            {
              "enabled": false,
              "mfa_delete": false
            }
          ],
          "website": [],
          "website_domain": null,
          "website_endpoint": null
        },
        "after_unknown": {},
        "before_sensitive": {
          "cors_rule": [],
          "grant": [
            {
              "permissions": [
                false
              ]
            }
          ],
          "lifecycle_rule": [],
          "logging": [],
          "object_lock_configuration": [],
          "replication_configuration": [],
          "server_side_encryption_configuration": [],
          "tags": {},
          "tags_all": {},
          "versioning": [
            {}
          ],
          "website": []
        },
        "after_sensitive": {
          "cors_rule": [],
          "grant": [
            {
              "permissions": [
                false
              ]
            }
          ],
          "lifecycle_rule": [],
          "logging": [],
          "object_lock_configuration": [],
          "replication_configuration": [],
          "server_side_encryption_configuration": [],
          "tags": {},
          "tags_all": {},
          "versioning": [
            {}
          ],
          "website": []
        }
      }
    }
  ],
  "prior_state": {
    "format_version": "1.0",
    "terraform_version": "1.2.2",
    "values": {
      "root_module": {
        "resources": [
          {
            "address": "aws_s3_bucket.delete_bucket",
            "mode": "managed",
            "type": "aws_s3_bucket",
            "name": "delete_bucket",
            "provider_name": "registry.terraform.io/hashicorp/aws",
            "schema_version": 0,
            "values": {
              "acceleration_status": "",
              "acl": "private",
              "arn": "arn:aws:s3:::delete20220817101803364800000002",
              "bucket": "delete20220817101803364800000002",
              "bucket_domain_name": "delete20220817101803364800000002.s3.amazonaws.com",
              "bucket_prefix": "delete",
              "bucket_regional_domain_name": "delete20220817101803364800000002.s3.amazonaws.com",
              "cors_rule": [],
              "force_destroy": false,
              "grant": [
                {
                  "id": "d5c48f20001a6ee7be6d75e69fe2da57d4c273b03ac318bd3d5526018c47ecb5",
                  "permissions": [
                    "FULL_CONTROL"
                  ],
                  "type": "CanonicalUser",
                  "uri": ""
                }
              ],
              "hosted_zone_id": "Z3AQBSTGFYJSTF",
              "id": "delete20220817101803364800000002",
              "lifecycle_rule": [],
              "logging": [],
              "object_lock_configuration": [],
              "object_lock_enabled": false,
              "policy": "",
              "region": "us-east-1",
              "replication_configuration": [],
              "request_payer": "BucketOwner",
              "server_side_encryption_configuration": [],
              "tags": {},
              "tags_all": {},
              "timeouts": null,
              "versioning": [
                {
                  "enabled": false,
                  "mfa_delete": false
                }
              ],
              "website": [],
              "website_domain": null,
              "website_endpoint": null
            },
            "sensitive_values": {
              "cors_rule": [],
              "grant": [
                {
                  "permissions": [
                    false
                  ]
                }
              ],
              "lifecycle_rule": [],
              "logging": [],
              "object_lock_configuration": [],
              "replication_configuration": [],
              "server_side_encryption_configuration": [],
              "tags": {},
              "tags_all": {},
              "versioning": [
                {}
              ],
              "website": []
            }
          },
          {
            "address": "aws_s3_bucket.noop_bucket",
            "mode": "managed",
            "type": "aws_s3_bucket",
            "name": "noop_bucket",
            "provider_name": "registry.terraform.io/hashicorp/aws",
            "schema_version": 0,
            "values": {
              "acceleration_status": "",
              "acl": "private",
              "arn": "arn:aws:s3:::noop20220817102021848200000001",
              "bucket": "noop20220817102021848200000001",
              "bucket_domain_name": "noop20220817102021848200000001.s3.amazonaws.com",
              "bucket_prefix": "noop",
              "bucket_regional_domain_name": "noop20220817102021848200000001.s3.amazonaws.com",
              "cors_rule": [],
              "force_destroy": false,
              "grant": [
                {
                  "id": "d5c48f20001a6ee7be6d75e69fe2da57d4c273b03ac318bd3d5526018c47ecb5",
                  "permissions": [
                    "FULL_CONTROL"
                  ],
                  "type": "CanonicalUser",
                  "uri": ""
                }
              ],
              "hosted_zone_id": "Z3AQBSTGFYJSTF",
              "id": "noop20220817102021848200000001",
              "lifecycle_rule": [],
              "logging": [],
              "object_lock_configuration": [],
              "object_lock_enabled": false,
              "policy": "",
              "region": "us-east-1",
              "replication_configuration": [],
              "request_payer": "BucketOwner",
              "server_side_encryption_configuration": [],
              "tags": {},
              "tags_all": {},
              "timeouts": null,
              "versioning": [
                {
                  "enabled": false,
                  "mfa_delete": false
                }
              ],
              "website": [],
              "website_domain": null,
              "website_endpoint": null
            },
            "sensitive_values": {
              "cors_rule": [],
              "grant": [
                {
                  "permissions": [
                    false
                  ]
                }
              ],
              "lifecycle_rule": [],
              "logging": [],
              "object_lock_configuration": [],
              "replication_configuration": [],
              "server_side_encryption_configuration": [],
              "tags": {},
              "tags_all": {},
              "versioning": [
                {}
              ],
              "website": []
            }
          },
          {
            "address": "aws_s3_bucket.update_bucket",
            "mode": "managed",
            "type": "aws_s3_bucket",
            "name": "update_bucket",
            "provider_name": "registry.terraform.io/hashicorp/aws",
            "schema_version": 0,
            "values": {
              "acceleration_status": "",
              "acl": "private",
              "arn": "arn:aws:s3:::update20220817101803364800000001",
              "bucket": "update20220817101803364800000001",
              "bucket_domain_name": "update20220817101803364800000001.s3.amazonaws.com",
              "bucket_prefix": "update",
              "bucket_regional_domain_name": "update20220817101803364800000001.s3.amazonaws.com",
              "cors_rule": [],
              "force_destroy": false,
              "grant": [
                {
                  "id": "d5c48f20001a6ee7be6d75e69fe2da57d4c273b03ac318bd3d5526018c47ecb5",
                  "permissions": [
                    "FULL_CONTROL"
                  ],
                  "type": "CanonicalUser",
                  "uri": ""
                }
              ],
              "hosted_zone_id": "Z3AQBSTGFYJSTF",
              "id": "update20220817101803364800000001",
              "lifecycle_rule": [],
              "logging": [],
              "object_lock_configuration": [],
              "object_lock_enabled": false,
              "policy": "",
              "region": "us-east-1",
              "replication_configuration": [],
              "request_payer": "BucketOwner",
              "server_side_encryption_configuration": [],
              "tags": {},
              "tags_all": {},
              "timeouts": null,
              "versioning": [
                {
                  "enabled": false,
                  "mfa_delete": false
                }
              ],
              "website": [],
              "website_domain": null,
              "website_endpoint": null
            },
            "sensitive_values": {
              "cors_rule": [],
              "grant": [
                {
                  "permissions": [
                    false
                  ]
                }
              ],
              "lifecycle_rule": [],
              "logging": [],
              "object_lock_configuration": [],
              "replication_configuration": [],
              "server_side_encryption_configuration": [],
              "tags": {},
              "tags_all": {},
              "versioning": [
                {}
              ],
              "website": []
            }
          }
        ]
      }
    }
  },
  "configuration": {
    "provider_config": {
      "aws": {
        "name": "aws",
        "full_name": "registry.terraform.io/hashicorp/aws",
        "expressions": {
          "region": {
            "constant_value": "us-east-1"
          }
        }
      }
    },
    "root_module": {
      "resources": [
        {
          "address": "aws_s3_bucket.create_bucket",
          "mode": "managed",
          "type": "aws_s3_bucket",
          "name": "create_bucket",
          "provider_config_key": "aws",
          "expressions": {
            "acl": {
              "constant_value": "private"
            },
            "bucket_prefix": {
              "constant_value": "create"
            }
          },
          "schema_version": 0
        },
        {
          "address": "aws_s3_bucket.noop_bucket",
          "mode": "managed",
          "type": "aws_s3_bucket",
          "name": "noop_bucket",
          "provider_config_key": "aws",
          "expressions": {
            "acl": {
              "constant_value": "private"
            },
            "bucket_prefix": {
              "constant_value": "noop"
            }
          },
          "schema_version": 0
        },
        {
          "address": "aws_s3_bucket.update_bucket",
          "mode": "managed",
          "type": "aws_s3_bucket",
          "name": "update_bucket",
          "provider_config_key": "aws",
          "expressions": {
            "acl": {
              "constant_value": "public-read"
            },
            "bucket_prefix": {
              "constant_value": "update"
            }
          },
          "schema_version": 0
        }
      ]
    }
  }
}
