{
  "format_version": "1.0",
  "terraform_version": "1.1.9",
  "planned_values": {
    "root_module": {
      "resources": [
        {
          "address": "aws_kms_key.key",
          "mode": "managed",
          "type": "aws_kms_key",
          "name": "key",
          "provider_name": "registry.terraform.io/hashicorp/aws",
          "schema_version": 0,
          "values": {
            "bypass_policy_lockout_safety_check": false,
            "customer_master_key_spec": "SYMMETRIC_DEFAULT",
            "deletion_window_in_days": 10,
            "description": "This key is used to encrypt bucket objects",
            "enable_key_rotation": false,
            "is_enabled": true,
            "key_usage": "ENCRYPT_DECRYPT",
            "tags": null
          },
          "sensitive_values": {
            "tags_all": {}
          }
        },
        {
          "address": "aws_s3_bucket.bucket1",
          "mode": "managed",
          "type": "aws_s3_bucket",
          "name": "bucket1",
          "provider_name": "registry.terraform.io/hashicorp/aws",
          "schema_version": 0,
          "values": {
            "bucket_prefix": null,
            "force_destroy": false,
            "tags": null
          },
          "sensitive_values": {
            "cors_rule": [],
            "grant": [],
            "lifecycle_rule": [],
            "logging": [],
            "object_lock_configuration": [],
            "replication_configuration": [],
            "server_side_encryption_configuration": [],
            "tags_all": {},
            "versioning": [],
            "website": []
          }
        },
        {
          "address": "aws_s3_bucket.bucket2",
          "mode": "managed",
          "type": "aws_s3_bucket",
          "name": "bucket2",
          "provider_name": "registry.terraform.io/hashicorp/aws",
          "schema_version": 0,
          "values": {
            "bucket_prefix": null,
            "force_destroy": false,
            "tags": null
          },
          "sensitive_values": {
            "cors_rule": [],
            "grant": [],
            "lifecycle_rule": [],
            "logging": [],
            "object_lock_configuration": [],
            "replication_configuration": [],
            "server_side_encryption_configuration": [],
            "tags_all": {},
            "versioning": [],
            "website": []
          }
        },
        {
          "address": "aws_s3_bucket_server_side_encryption_configuration.bucket2",
          "mode": "managed",
          "type": "aws_s3_bucket_server_side_encryption_configuration",
          "name": "bucket2",
          "provider_name": "registry.terraform.io/hashicorp/aws",
          "schema_version": 0,
          "values": {
            "expected_bucket_owner": null,
            "rule": [
              {
                "apply_server_side_encryption_by_default": [
                  {
                    "sse_algorithm": "aws:kms"
                  }
                ],
                "bucket_key_enabled": null
              }
            ]
          },
          "sensitive_values": {
            "rule": [
              {
                "apply_server_side_encryption_by_default": [
                  {}
                ]
              }
            ]
          }
        }
      ]
    }
  },
  "resource_changes": [
    {
      "address": "aws_kms_key.key",
      "mode": "managed",
      "type": "aws_kms_key",
      "name": "key",
      "provider_name": "registry.terraform.io/hashicorp/aws",
      "change": {
        "actions": [
          "create"
        ],
        "before": null,
        "after": {
          "bypass_policy_lockout_safety_check": false,
          "customer_master_key_spec": "SYMMETRIC_DEFAULT",
          "deletion_window_in_days": 10,
          "description": "This key is used to encrypt bucket objects",
          "enable_key_rotation": false,
          "is_enabled": true,
          "key_usage": "ENCRYPT_DECRYPT",
          "tags": null
        },
        "after_unknown": {
          "arn": true,
          "id": true,
          "key_id": true,
          "multi_region": true,
          "policy": true,
          "tags_all": true
        },
        "before_sensitive": false,
        "after_sensitive": {
          "tags_all": {}
        }
      }
    },
    {
      "address": "aws_s3_bucket.bucket1",
      "mode": "managed",
      "type": "aws_s3_bucket",
      "name": "bucket1",
      "provider_name": "registry.terraform.io/hashicorp/aws",
      "change": {
        "actions": [
          "create"
        ],
        "before": null,
        "after": {
          "bucket_prefix": null,
          "force_destroy": false,
          "tags": null
        },
        "after_unknown": {
          "acceleration_status": true,
          "acl": true,
          "arn": true,
          "bucket": true,
          "bucket_domain_name": true,
          "bucket_regional_domain_name": true,
          "cors_rule": true,
          "grant": true,
          "hosted_zone_id": true,
          "id": true,
          "lifecycle_rule": true,
          "logging": true,
          "object_lock_configuration": true,
          "policy": true,
          "region": true,
          "replication_configuration": true,
          "request_payer": true,
          "server_side_encryption_configuration": true,
          "tags_all": true,
          "versioning": true,
          "website": true,
          "website_domain": true,
          "website_endpoint": true
        },
        "before_sensitive": false,
        "after_sensitive": {
          "cors_rule": [],
          "grant": [],
          "lifecycle_rule": [],
          "logging": [],
          "object_lock_configuration": [],
          "replication_configuration": [],
          "server_side_encryption_configuration": [],
          "tags_all": {},
          "versioning": [],
          "website": []
        }
      }
    },
    {
      "address": "aws_s3_bucket.bucket2",
      "mode": "managed",
      "type": "aws_s3_bucket",
      "name": "bucket2",
      "provider_name": "registry.terraform.io/hashicorp/aws",
      "change": {
        "actions": [
          "create"
        ],
        "before": null,
        "after": {
          "bucket_prefix": null,
          "force_destroy": false,
          "tags": null
        },
        "after_unknown": {
          "acceleration_status": true,
          "acl": true,
          "arn": true,
          "bucket": true,
          "bucket_domain_name": true,
          "bucket_regional_domain_name": true,
          "cors_rule": true,
          "grant": true,
          "hosted_zone_id": true,
          "id": true,
          "lifecycle_rule": true,
          "logging": true,
          "object_lock_configuration": true,
          "policy": true,
          "region": true,
          "replication_configuration": true,
          "request_payer": true,
          "server_side_encryption_configuration": true,
          "tags_all": true,
          "versioning": true,
          "website": true,
          "website_domain": true,
          "website_endpoint": true
        },
        "before_sensitive": false,
        "after_sensitive": {
          "cors_rule": [],
          "grant": [],
          "lifecycle_rule": [],
          "logging": [],
          "object_lock_configuration": [],
          "replication_configuration": [],
          "server_side_encryption_configuration": [],
          "tags_all": {},
          "versioning": [],
          "website": []
        }
      }
    },
    {
      "address": "aws_s3_bucket_server_side_encryption_configuration.bucket2",
      "mode": "managed",
      "type": "aws_s3_bucket_server_side_encryption_configuration",
      "name": "bucket2",
      "provider_name": "registry.terraform.io/hashicorp/aws",
      "change": {
        "actions": [
          "create"
        ],
        "before": null,
        "after": {
          "expected_bucket_owner": null,
          "rule": [
            {
              "apply_server_side_encryption_by_default": [
                {
                  "sse_algorithm": "aws:kms"
                }
              ],
              "bucket_key_enabled": null
            }
          ]
        },
        "after_unknown": {
          "bucket": true,
          "id": true,
          "rule": [
            {
              "apply_server_side_encryption_by_default": [
                {
                  "kms_master_key_id": true
                }
              ]
            }
          ]
        },
        "before_sensitive": false,
        "after_sensitive": {
          "rule": [
            {
              "apply_server_side_encryption_by_default": [
                {}
              ]
            }
          ]
        }
      }
    }
  ],
  "configuration": {
    "provider_config": {
      "aws": {
        "name": "aws",
        "version_constraint": "~> 4.0.0",
        "expressions": {
          "region": {
            "constant_value": "us-east-1"
          }
        }
      },
      "aws.west": {
        "name": "aws",
        "alias": "west",
        "version_constraint": "~> 4.0.0",
        "expressions": {
          "region": {
            "constant_value": "us-west-1"
          }
        }
      }
    },
    "root_module": {
      "resources": [
        {
          "address": "aws_kms_key.key",
          "mode": "managed",
          "type": "aws_kms_key",
          "name": "key",
          "provider_config_key": "aws",
          "expressions": {
            "deletion_window_in_days": {
              "constant_value": 10
            },
            "description": {
              "constant_value": "This key is used to encrypt bucket objects"
            }
          },
          "schema_version": 0
        },
        {
          "address": "aws_s3_bucket.bucket1",
          "mode": "managed",
          "type": "aws_s3_bucket",
          "name": "bucket1",
          "provider_config_key": "aws",
          "schema_version": 0
        },
        {
          "address": "aws_s3_bucket.bucket2",
          "mode": "managed",
          "type": "aws_s3_bucket",
          "name": "bucket2",
          "provider_config_key": "aws.west",
          "schema_version": 0
        },
        {
          "address": "aws_s3_bucket_server_side_encryption_configuration.bucket2",
          "mode": "managed",
          "type": "aws_s3_bucket_server_side_encryption_configuration",
          "name": "bucket2",
          "provider_config_key": "aws.west",
          "expressions": {
            "bucket": {
              "references": [
                "aws_s3_bucket.bucket2.bucket",
                "aws_s3_bucket.bucket2"
              ]
            },
            "rule": [
              {
                "apply_server_side_encryption_by_default": [
                  {
                    "kms_master_key_id": {
                      "references": [
                        "aws_kms_key.key.arn",
                        "aws_kms_key.key"
                      ]
                    },
                    "sse_algorithm": {
                      "constant_value": "aws:kms"
                    }
                  }
                ]
              }
            ]
          },
          "schema_version": 0
        }
      ]
    }
  }
}
