{
  "format_version": "1.0",
  "terraform_version": "1.1.9",
  "planned_values": {
    "root_module": {
      "resources": [
        {
          "address": "aws_kms_key.key",
          "mode": "managed",
          "type": "aws_kms_key",
          "name": "key",
          "provider_name": "registry.terraform.io/hashicorp/aws",
          "schema_version": 0,
          "values": {
            "customer_master_key_spec": "SYMMETRIC_DEFAULT",
            "deletion_window_in_days": 10,
            "description": "This key is used to encrypt bucket objects",
            "enable_key_rotation": false,
            "is_enabled": true,
            "key_usage": "ENCRYPT_DECRYPT",
            "tags": null
          },
          "sensitive_values": {}
        },
        {
          "address": "aws_s3_bucket.bucket",
          "mode": "managed",
          "type": "aws_s3_bucket",
          "name": "bucket",
          "provider_name": "registry.terraform.io/hashicorp/aws",
          "schema_version": 0,
          "values": {
            "acl": "private",
            "bucket_prefix": null,
            "cors_rule": [],
            "force_destroy": false,
            "grant": [],
            "lifecycle_rule": [],
            "logging": [],
            "object_lock_configuration": [],
            "policy": null,
            "replication_configuration": [],
            "server_side_encryption_configuration": [
              {
                "rule": [
                  {
                    "apply_server_side_encryption_by_default": [
                      {
                        "sse_algorithm": "aws:kms"
                      }
                    ]
                  }
                ]
              }
            ],
            "tags": null,
            "website": []
          },
          "sensitive_values": {
            "cors_rule": [],
            "grant": [],
            "lifecycle_rule": [],
            "logging": [],
            "object_lock_configuration": [],
            "replication_configuration": [],
            "server_side_encryption_configuration": [
              {
                "rule": [
                  {
                    "apply_server_side_encryption_by_default": [
                      {}
                    ]
                  }
                ]
              }
            ],
            "versioning": [],
            "website": []
          }
        }
      ]
    }
  },
  "resource_changes": [
    {
      "address": "aws_kms_key.key",
      "mode": "managed",
      "type": "aws_kms_key",
      "name": "key",
      "provider_name": "registry.terraform.io/hashicorp/aws",
      "change": {
        "actions": [
          "create"
        ],
        "before": null,
        "after": {
          "customer_master_key_spec": "SYMMETRIC_DEFAULT",
          "deletion_window_in_days": 10,
          "description": "This key is used to encrypt bucket objects",
          "enable_key_rotation": false,
          "is_enabled": true,
          "key_usage": "ENCRYPT_DECRYPT",
          "tags": null
        },
        "after_unknown": {
          "arn": true,
          "id": true,
          "key_id": true,
          "policy": true
        },
        "before_sensitive": false,
        "after_sensitive": {}
      }
    },
    {
      "address": "aws_s3_bucket.bucket",
      "mode": "managed",
      "type": "aws_s3_bucket",
      "name": "bucket",
      "provider_name": "registry.terraform.io/hashicorp/aws",
      "change": {
        "actions": [
          "create"
        ],
        "before": null,
        "after": {
          "acl": "private",
          "bucket_prefix": null,
          "cors_rule": [],
          "force_destroy": false,
          "grant": [],
          "lifecycle_rule": [],
          "logging": [],
          "object_lock_configuration": [],
          "policy": null,
          "replication_configuration": [],
          "server_side_encryption_configuration": [
            {
              "rule": [
                {
                  "apply_server_side_encryption_by_default": [
                    {
                      "sse_algorithm": "aws:kms"
                    }
                  ]
                }
              ]
            }
          ],
          "tags": null,
          "website": []
        },
        "after_unknown": {
          "acceleration_status": true,
          "arn": true,
          "bucket": true,
          "bucket_domain_name": true,
          "bucket_regional_domain_name": true,
          "cors_rule": [],
          "grant": [],
          "hosted_zone_id": true,
          "id": true,
          "lifecycle_rule": [],
          "logging": [],
          "object_lock_configuration": [],
          "region": true,
          "replication_configuration": [],
          "request_payer": true,
          "server_side_encryption_configuration": [
            {
              "rule": [
                {
                  "apply_server_side_encryption_by_default": [
                    {
                      "kms_master_key_id": true
                    }
                  ]
                }
              ]
            }
          ],
          "versioning": true,
          "website": [],
          "website_domain": true,
          "website_endpoint": true
        },
        "before_sensitive": false,
        "after_sensitive": {
          "cors_rule": [],
          "grant": [],
          "lifecycle_rule": [],
          "logging": [],
          "object_lock_configuration": [],
          "replication_configuration": [],
          "server_side_encryption_configuration": [
            {
              "rule": [
                {
                  "apply_server_side_encryption_by_default": [
                    {}
                  ]
                }
              ]
            }
          ],
          "versioning": [],
          "website": []
        }
      }
    }
  ],
  "configuration": {
    "provider_config": {
      "aws": {
        "name": "aws",
        "version_constraint": "~> 3.0.0",
        "expressions": {
          "region": {
            "constant_value": "us-east-1"
          }
        }
      }
    },
    "root_module": {
      "resources": [
        {
          "address": "aws_kms_key.key",
          "mode": "managed",
          "type": "aws_kms_key",
          "name": "key",
          "provider_config_key": "aws",
          "expressions": {
            "deletion_window_in_days": {
              "constant_value": 10
            },
            "description": {
              "constant_value": "This key is used to encrypt bucket objects"
            }
          },
          "schema_version": 0
        },
        {
          "address": "aws_s3_bucket.bucket",
          "mode": "managed",
          "type": "aws_s3_bucket",
          "name": "bucket",
          "provider_config_key": "aws",
          "expressions": {
            "server_side_encryption_configuration": [
              {
                "rule": [
                  {
                    "apply_server_side_encryption_by_default": [
                      {
                        "kms_master_key_id": {
                          "references": [
                            "aws_kms_key.key.arn",
                            "aws_kms_key.key"
                          ]
                        },
                        "sse_algorithm": {
                          "constant_value": "aws:kms"
                        }
                      }
                    ]
                  }
                ]
              }
            ]
          },
          "schema_version": 0
        }
      ]
    }
  }
}
